
Microsoft Visual Studio Solution File, Format Version 12.00
# Visual Studio 15
Project("{FAE04EC0-301F-11D3-BF4B-00C04F79EFBC}") = "Assembly-CSharp-Editor", "Assembly-CSharp-Editor.csproj", "{45267322-CC39-0BDD-4F13-4B22125A02A3}"
EndProject
Project("{FAE04EC0-301F-11D3-BF4B-00C04F79EFBC}") = "Assembly-CSharp", "Assembly-CSharp.csproj", "{FE85818A-F184-F4E1-1984-32D004D6F828}"
EndProject
Global
	GlobalSection(SolutionConfigurationPlatforms) = preSolution
		Debug|Any CPU = Debug|Any CPU
		Release|Any CPU = Release|Any CPU
	EndGlobalSection
	GlobalSection(ProjectConfigurationPlatforms) = postSolution
		{45267322-CC39-0BDD-4F13-4B22125A02A3}.Debug|Any CPU.ActiveCfg = Debug|Any CPU
		{45267322-CC39-0BDD-4F13-4B22125A02A3}.Debug|Any CPU.Build.0 = Debug|Any CPU
		{45267322-CC39-0BDD-4F13-4B22125A02A3}.Release|Any CPU.ActiveCfg = Release|Any CPU
		{45267322-CC39-0BDD-4F13-4B22125A02A3}.Release|Any CPU.Build.0 = Release|Any CPU
		{FE85818A-F184-F4E1-1984-32D004D6F828}.Debug|Any CPU.ActiveCfg = Debug|Any CPU
		{FE85818A-F184-F4E1-1984-32D004D6F828}.Debug|Any CPU.Build.0 = Debug|Any CPU
		{FE85818A-F184-F4E1-1984-32D004D6F828}.Release|Any CPU.ActiveCfg = Release|Any CPU
		{FE85818A-F184-F4E1-1984-32D004D6F828}.Release|Any CPU.Build.0 = Release|Any CPU
	EndGlobalSection
	GlobalSection(SolutionProperties) = preSolution
		HideSolutionNode = FALSE
	EndGlobalSection
EndGlobal
